// !$*UTF8*$!
{
	archiveVersion = 1;
	classes = {
	};
	objectVersion = 55;
	objects = {

/* Begin PBXBuildFile section */
		5F3888CD28F94FD80002120A /* AlertView.swift in Sources */ = {isa = PBXBuildFile; fileRef = 5F3888CC28F94FD80002120A /* AlertView.swift */; };
		5F3888CF28F958D30002120A /* MemoryGameHeaderView.swift in Sources */ = {isa = PBXBuildFile; fileRef = 5F3888CE28F958D30002120A /* MemoryGameHeaderView.swift */; };
		5F3888D128F95E9B0002120A /* HorizontalProgressView.swift in Sources */ = {isa = PBXBuildFile; fileRef = 5F3888D028F95E9B0002120A /* HorizontalProgressView.swift */; };
		5FB8A0A928F8801600DC0B00 /* String+Ext.swift in Sources */ = {isa = PBXBuildFile; fileRef = 5FB8A0A828F8801600DC0B00 /* String+Ext.swift */; };
		5FB8A0AF28F884FC00DC0B00 /* TangoSans_Bold.ttf in Resources */ = {isa = PBXBuildFile; fileRef = 5FB8A0AB28F884EA00DC0B00 /* TangoSans_Bold.ttf */; };
		5FB8A0B228F8850300DC0B00 /* TangoSans_Regular.ttf in Resources */ = {isa = PBXBuildFile; fileRef = 5FB8A0AD28F884EA00DC0B00 /* TangoSans_Regular.ttf */; };
		5FB8A0B628F8860400DC0B00 /* Constants.swift in Sources */ = {isa = PBXBuildFile; fileRef = 5FB8A0B528F8860400DC0B00 /* Constants.swift */; };
		5FF2ED3F28E6D54F005D62FD /* StarWarsMemoryGameApp.swift in Sources */ = {isa = PBXBuildFile; fileRef = 5FF2ED3E28E6D54F005D62FD /* StarWarsMemoryGameApp.swift */; };
		5FF2ED4328E6D551005D62FD /* Assets.xcassets in Resources */ = {isa = PBXBuildFile; fileRef = 5FF2ED4228E6D551005D62FD /* Assets.xcassets */; };
		5FF2ED4628E6D551005D62FD /* Preview Assets.xcassets in Resources */ = {isa = PBXBuildFile; fileRef = 5FF2ED4528E6D551005D62FD /* Preview Assets.xcassets */; };
		5FF2ED4D28E6D606005D62FD /* MemoryGame.swift in Sources */ = {isa = PBXBuildFile; fileRef = 5FF2ED4C28E6D606005D62FD /* MemoryGame.swift */; };
		5FF2ED4F28E6D60C005D62FD /* Card.swift in Sources */ = {isa = PBXBuildFile; fileRef = 5FF2ED4E28E6D60C005D62FD /* Card.swift */; };
		5FF2ED5328E6D686005D62FD /* CardView.swift in Sources */ = {isa = PBXBuildFile; fileRef = 5FF2ED5228E6D686005D62FD /* CardView.swift */; };
		5FF2ED5628E6D920005D62FD /* OnboardingView.swift in Sources */ = {isa = PBXBuildFile; fileRef = 5FF2ED5528E6D920005D62FD /* OnboardingView.swift */; };
		5FF2ED5928E6D931005D62FD /* MemoryGameView.swift in Sources */ = {isa = PBXBuildFile; fileRef = 5FF2ED5828E6D931005D62FD /* MemoryGameView.swift */; };
		5FF2ED5B28E6DD5F005D62FD /* MenuButtonView.swift in Sources */ = {isa = PBXBuildFile; fileRef = 5FF2ED5A28E6DD5F005D62FD /* MenuButtonView.swift */; };
		5FF2ED5E28E6E41B005D62FD /* MemoryGameViewModel.swift in Sources */ = {isa = PBXBuildFile; fileRef = 5FF2ED5D28E6E41B005D62FD /* MemoryGameViewModel.swift */; };
/* End PBXBuildFile section */

/* Begin PBXFileReference section */
		5F3888CC28F94FD80002120A /* AlertView.swift */ = {isa = PBXFileReference; lastKnownFileType = sourcecode.swift; path = AlertView.swift; sourceTree = "<group>"; };
		5F3888CE28F958D30002120A /* MemoryGameHeaderView.swift */ = {isa = PBXFileReference; lastKnownFileType = sourcecode.swift; path = MemoryGameHeaderView.swift; sourceTree = "<group>"; };
		5F3888D028F95E9B0002120A /* HorizontalProgressView.swift */ = {isa = PBXFileReference; lastKnownFileType = sourcecode.swift; path = HorizontalProgressView.swift; sourceTree = "<group>"; };
		5FB8A0A828F8801600DC0B00 /* String+Ext.swift */ = {isa = PBXFileReference; lastKnownFileType = sourcecode.swift; path = "String+Ext.swift"; sourceTree = "<group>"; };
		5FB8A0AB28F884EA00DC0B00 /* TangoSans_Bold.ttf */ = {isa = PBXFileReference; lastKnownFileType = file; path = TangoSans_Bold.ttf; sourceTree = "<group>"; };
		5FB8A0AD28F884EA00DC0B00 /* TangoSans_Regular.ttf */ = {isa = PBXFileReference; lastKnownFileType = file; path = TangoSans_Regular.ttf; sourceTree = "<group>"; };
		5FB8A0B328F885C800DC0B00 /* Info.plist */ = {isa = PBXFileReference; lastKnownFileType = text.plist; path = Info.plist; sourceTree = "<group>"; };
		5FB8A0B528F8860400DC0B00 /* Constants.swift */ = {isa = PBXFileReference; lastKnownFileType = sourcecode.swift; path = Constants.swift; sourceTree = "<group>"; };
		5FF2ED3B28E6D54F005D62FD /* MemoryGame.app */ = {isa = PBXFileReference; explicitFileType = wrapper.application; includeInIndex = 0; path = MemoryGame.app; sourceTree = BUILT_PRODUCTS_DIR; };
		5FF2ED3E28E6D54F005D62FD /* StarWarsMemoryGameApp.swift */ = {isa = PBXFileReference; lastKnownFileType = sourcecode.swift; path = StarWarsMemoryGameApp.swift; sourceTree = "<group>"; };
		5FF2ED4228E6D551005D62FD /* Assets.xcassets */ = {isa = PBXFileReference; lastKnownFileType = folder.assetcatalog; path = Assets.xcassets; sourceTree = "<group>"; };
		5FF2ED4528E6D551005D62FD /* Preview Assets.xcassets */ = {isa = PBXFileReference; lastKnownFileType = folder.assetcatalog; path = "Preview Assets.xcassets"; sourceTree = "<group>"; };
		5FF2ED4C28E6D606005D62FD /* MemoryGame.swift */ = {isa = PBXFileReference; lastKnownFileType = sourcecode.swift; path = MemoryGame.swift; sourceTree = "<group>"; };
		5FF2ED4E28E6D60C005D62FD /* Card.swift */ = {isa = PBXFileReference; lastKnownFileType = sourcecode.swift; path = Card.swift; sourceTree = "<group>"; };
		5FF2ED5228E6D686005D62FD /* CardView.swift */ = {isa = PBXFileReference; lastKnownFileType = sourcecode.swift; path = CardView.swift; sourceTree = "<group>"; };
		5FF2ED5528E6D920005D62FD /* OnboardingView.swift */ = {isa = PBXFileReference; lastKnownFileType = sourcecode.swift; path = OnboardingView.swift; sourceTree = "<group>"; };
		5FF2ED5828E6D931005D62FD /* MemoryGameView.swift */ = {isa = PBXFileReference; lastKnownFileType = sourcecode.swift; path = MemoryGameView.swift; sourceTree = "<group>"; };
		5FF2ED5A28E6DD5F005D62FD /* MenuButtonView.swift */ = {isa = PBXFileReference; lastKnownFileType = sourcecode.swift; path = MenuButtonView.swift; sourceTree = "<group>"; };
		5FF2ED5D28E6E41B005D62FD /* MemoryGameViewModel.swift */ = {isa = PBXFileReference; lastKnownFileType = sourcecode.swift; path = MemoryGameViewModel.swift; sourceTree = "<group>"; };
/* End PBXFileReference section */

/* Begin PBXFrameworksBuildPhase section */
		5FF2ED3828E6D54F005D62FD /* Frameworks */ = {
			isa = PBXFrameworksBuildPhase;
			buildActionMask = 2147483647;
			files = (
			);
			runOnlyForDeploymentPostprocessing = 0;
		};
/* End PBXFrameworksBuildPhase section */

/* Begin PBXGroup section */
		5FB8A0A528F87FD000DC0B00 /* OnboardingView */ = {
			isa = PBXGroup;
			children = (
				5FF2ED5528E6D920005D62FD /* OnboardingView.swift */,
			);
			path = OnboardingView;
			sourceTree = "<group>";
		};
		5FB8A0A628F87FD700DC0B00 /* GameView */ = {
			isa = PBXGroup;
			children = (
				5FF2ED5828E6D931005D62FD /* MemoryGameView.swift */,
				5F3888CE28F958D30002120A /* MemoryGameHeaderView.swift */,
				5FF2ED5D28E6E41B005D62FD /* MemoryGameViewModel.swift */,
			);
			path = GameView;
			sourceTree = "<group>";
		};
		5FB8A0A728F8800200DC0B00 /* Support */ = {
			isa = PBXGroup;
			children = (
				5FB8A0AA28F884D400DC0B00 /* Fonts */,
				5FB8A0A828F8801600DC0B00 /* String+Ext.swift */,
				5FB8A0B528F8860400DC0B00 /* Constants.swift */,
			);
			path = Support;
			sourceTree = "<group>";
		};
		5FB8A0AA28F884D400DC0B00 /* Fonts */ = {
			isa = PBXGroup;
			children = (
				5FB8A0AB28F884EA00DC0B00 /* TangoSans_Bold.ttf */,
				5FB8A0AD28F884EA00DC0B00 /* TangoSans_Regular.ttf */,
			);
			path = Fonts;
			sourceTree = "<group>";
		};
		5FF2ED3228E6D54F005D62FD = {
			isa = PBXGroup;
			children = (
				5FF2ED3D28E6D54F005D62FD /* MemoryGame */,
				5FF2ED3C28E6D54F005D62FD /* Products */,
			);
			sourceTree = "<group>";
		};
		5FF2ED3C28E6D54F005D62FD /* Products */ = {
			isa = PBXGroup;
			children = (
				5FF2ED3B28E6D54F005D62FD /* MemoryGame.app */,
			);
			name = Products;
			sourceTree = "<group>";
		};
		5FF2ED3D28E6D54F005D62FD /* MemoryGame */ = {
			isa = PBXGroup;
			children = (
				5FB8A0B328F885C800DC0B00 /* Info.plist */,
				5FF2ED3E28E6D54F005D62FD /* StarWarsMemoryGameApp.swift */,
				5FF2ED5428E6D907005D62FD /* Screens */,
				5FF2ED5028E6D610005D62FD /* Model */,
				5FF2ED5128E6D673005D62FD /* CustomViews */,
				5FB8A0A728F8800200DC0B00 /* Support */,
				5FF2ED4228E6D551005D62FD /* Assets.xcassets */,
				5FF2ED4428E6D551005D62FD /* Preview Content */,
			);
			path = MemoryGame;
			sourceTree = "<group>";
		};
		5FF2ED4428E6D551005D62FD /* Preview Content */ = {
			isa = PBXGroup;
			children = (
				5FF2ED4528E6D551005D62FD /* Preview Assets.xcassets */,
			);
			path = "Preview Content";
			sourceTree = "<group>";
		};
		5FF2ED5028E6D610005D62FD /* Model */ = {
			isa = PBXGroup;
			children = (
				5FF2ED4C28E6D606005D62FD /* MemoryGame.swift */,
				5FF2ED4E28E6D60C005D62FD /* Card.swift */,
			);
			path = Model;
			sourceTree = "<group>";
		};
		5FF2ED5128E6D673005D62FD /* CustomViews */ = {
			isa = PBXGroup;
			children = (
				5FF2ED5228E6D686005D62FD /* CardView.swift */,
				5FF2ED5A28E6DD5F005D62FD /* MenuButtonView.swift */,
				5F3888CC28F94FD80002120A /* AlertView.swift */,
				5F3888D028F95E9B0002120A /* HorizontalProgressView.swift */,
			);
			path = CustomViews;
			sourceTree = "<group>";
		};
		5FF2ED5428E6D907005D62FD /* Screens */ = {
			isa = PBXGroup;
			children = (
				5FB8A0A528F87FD000DC0B00 /* OnboardingView */,
				5FB8A0A628F87FD700DC0B00 /* GameView */,
			);
			path = Screens;
			sourceTree = "<group>";
		};
/* End PBXGroup section */

/* Begin PBXNativeTarget section */
		5FF2ED3A28E6D54F005D62FD /* MemoryGame */ = {
			isa = PBXNativeTarget;
			buildConfigurationList = 5FF2ED4928E6D551005D62FD /* Build configuration list for PBXNativeTarget "MemoryGame" */;
			buildPhases = (
				5FF2ED3728E6D54F005D62FD /* Sources */,
				5FF2ED3828E6D54F005D62FD /* Frameworks */,
				5FF2ED3928E6D54F005D62FD /* Resources */,
			);
			buildRules = (
			);
			dependencies = (
			);
			name = MemoryGame;
			productName = StarWarsMemoryGame;
			productReference = 5FF2ED3B28E6D54F005D62FD /* MemoryGame.app */;
			productType = "com.apple.product-type.application";
		};
/* End PBXNativeTarget section */

/* Begin PBXProject section */
		5FF2ED3328E6D54F005D62FD /* Project object */ = {
			isa = PBXProject;
			attributes = {
				BuildIndependentTargetsInParallel = 1;
				LastSwiftUpdateCheck = 1340;
				LastUpgradeCheck = 1340;
				TargetAttributes = {
					5FF2ED3A28E6D54F005D62FD = {
						CreatedOnToolsVersion = 13.4.1;
					};
				};
			};
			buildConfigurationList = 5FF2ED3628E6D54F005D62FD /* Build configuration list for PBXProject "MemoryGame" */;
			compatibilityVersion = "Xcode 13.0";
			developmentRegion = en;
			hasScannedForEncodings = 0;
			knownRegions = (
				en,
				Base,
			);
			mainGroup = 5FF2ED3228E6D54F005D62FD;
			productRefGroup = 5FF2ED3C28E6D54F005D62FD /* Products */;
			projectDirPath = "";
			projectRoot = "";
			targets = (
				5FF2ED3A28E6D54F005D62FD /* MemoryGame */,
			);
		};
/* End PBXProject section */

/* Begin PBXResourcesBuildPhase section */
		5FF2ED3928E6D54F005D62FD /* Resources */ = {
			isa = PBXResourcesBuildPhase;
			buildActionMask = 2147483647;
			files = (
				5FB8A0AF28F884FC00DC0B00 /* TangoSans_Bold.ttf in Resources */,
				5FF2ED4628E6D551005D62FD /* Preview Assets.xcassets in Resources */,
				5FF2ED4328E6D551005D62FD /* Assets.xcassets in Resources */,
				5FB8A0B228F8850300DC0B00 /* TangoSans_Regular.ttf in Resources */,
			);
			runOnlyForDeploymentPostprocessing = 0;
		};
/* End PBXResourcesBuildPhase section */

/* Begin PBXSourcesBuildPhase section */
		5FF2ED3728E6D54F005D62FD /* Sources */ = {
			isa = PBXSourcesBuildPhase;
			buildActionMask = 2147483647;
			files = (
				5FB8A0A928F8801600DC0B00 /* String+Ext.swift in Sources */,
				5FF2ED4D28E6D606005D62FD /* MemoryGame.swift in Sources */,
				5FF2ED3F28E6D54F005D62FD /* StarWarsMemoryGameApp.swift in Sources */,
				5F3888CD28F94FD80002120A /* AlertView.swift in Sources */,
				5FF2ED4F28E6D60C005D62FD /* Card.swift in Sources */,
				5FF2ED5B28E6DD5F005D62FD /* MenuButtonView.swift in Sources */,
				5FB8A0B628F8860400DC0B00 /* Constants.swift in Sources */,
				5F3888D128F95E9B0002120A /* HorizontalProgressView.swift in Sources */,
				5FF2ED5E28E6E41B005D62FD /* MemoryGameViewModel.swift in Sources */,
				5F3888CF28F958D30002120A /* MemoryGameHeaderView.swift in Sources */,
				5FF2ED5628E6D920005D62FD /* OnboardingView.swift in Sources */,
				5FF2ED5928E6D931005D62FD /* MemoryGameView.swift in Sources */,
				5FF2ED5328E6D686005D62FD /* CardView.swift in Sources */,
			);
			runOnlyForDeploymentPostprocessing = 0;
		};
/* End PBXSourcesBuildPhase section */

/* Begin XCBuildConfiguration section */
		5FF2ED4728E6D551005D62FD /* Debug */ = {
			isa = XCBuildConfiguration;
			buildSettings = {
				ALWAYS_SEARCH_USER_PATHS = NO;
				CLANG_ANALYZER_NONNULL = YES;
				CLANG_ANALYZER_NUMBER_OBJECT_CONVERSION = YES_AGGRESSIVE;
				CLANG_CXX_LANGUAGE_STANDARD = "gnu++17";
				CLANG_ENABLE_MODULES = YES;
				CLANG_ENABLE_OBJC_ARC = YES;
				CLANG_ENABLE_OBJC_WEAK = YES;
				CLANG_WARN_BLOCK_CAPTURE_AUTORELEASING = YES;
				CLANG_WARN_BOOL_CONVERSION = YES;
				CLANG_WARN_COMMA = YES;
				CLANG_WARN_CONSTANT_CONVERSION = YES;
				CLANG_WARN_DEPRECATED_OBJC_IMPLEMENTATIONS = YES;
				CLANG_WARN_DIRECT_OBJC_ISA_USAGE = YES_ERROR;
				CLANG_WARN_DOCUMENTATION_COMMENTS = YES;
				CLANG_WARN_EMPTY_BODY = YES;
				CLANG_WARN_ENUM_CONVERSION = YES;
				CLANG_WARN_INFINITE_RECURSION = YES;
				CLANG_WARN_INT_CONVERSION = YES;
				CLANG_WARN_NON_LITERAL_NULL_CONVERSION = YES;
				CLANG_WARN_OBJC_IMPLICIT_RETAIN_SELF = YES;
				CLANG_WARN_OBJC_LITERAL_CONVERSION = YES;
				CLANG_WARN_OBJC_ROOT_CLASS = YES_ERROR;
				CLANG_WARN_QUOTED_INCLUDE_IN_FRAMEWORK_HEADER = YES;
				CLANG_WARN_RANGE_LOOP_ANALYSIS = YES;
				CLANG_WARN_STRICT_PROTOTYPES = YES;
				CLANG_WARN_SUSPICIOUS_MOVE = YES;
				CLANG_WARN_UNGUARDED_AVAILABILITY = YES_AGGRESSIVE;
				CLANG_WARN_UNREACHABLE_CODE = YES;
				CLANG_WARN__DUPLICATE_METHOD_MATCH = YES;
				COPY_PHASE_STRIP = NO;
				DEBUG_INFORMATION_FORMAT = dwarf;
				ENABLE_STRICT_OBJC_MSGSEND = YES;
				ENABLE_TESTABILITY = YES;
				GCC_C_LANGUAGE_STANDARD = gnu11;
				GCC_DYNAMIC_NO_PIC = NO;
				GCC_NO_COMMON_BLOCKS = YES;
				GCC_OPTIMIZATION_LEVEL = 0;
				GCC_PREPROCESSOR_DEFINITIONS = (
					"DEBUG=1",
					"$(inherited)",
				);
				GCC_WARN_64_TO_32_BIT_CONVERSION = YES;
				GCC_WARN_ABOUT_RETURN_TYPE = YES_ERROR;
				GCC_WARN_UNDECLARED_SELECTOR = YES;
				GCC_WARN_UNINITIALIZED_AUTOS = YES_AGGRESSIVE;
				GCC_WARN_UNUSED_FUNCTION = YES;
				GCC_WARN_UNUSED_VARIABLE = YES;
				IPHONEOS_DEPLOYMENT_TARGET = 15.5;
				MTL_ENABLE_DEBUG_INFO = INCLUDE_SOURCE;
				MTL_FAST_MATH = YES;
				ONLY_ACTIVE_ARCH = YES;
				SDKROOT = iphoneos;
				SWIFT_ACTIVE_COMPILATION_CONDITIONS = DEBUG;
				SWIFT_OPTIMIZATION_LEVEL = "-Onone";
			};
			name = Debug;
		};
		5FF2ED4828E6D551005D62FD /* Release */ = {
			isa = XCBuildConfiguration;
			buildSettings = {
				ALWAYS_SEARCH_USER_PATHS = NO;
				CLANG_ANALYZER_NONNULL = YES;
				CLANG_ANALYZER_NUMBER_OBJECT_CONVERSION = YES_AGGRESSIVE;
				CLANG_CXX_LANGUAGE_STANDARD = "gnu++17";
				CLANG_ENABLE_MODULES = YES;
				CLANG_ENABLE_OBJC_ARC = YES;
				CLANG_ENABLE_OBJC_WEAK = YES;
				CLANG_WARN_BLOCK_CAPTURE_AUTORELEASING = YES;
				CLANG_WARN_BOOL_CONVERSION = YES;
				CLANG_WARN_COMMA = YES;
				CLANG_WARN_CONSTANT_CONVERSION = YES;
				CLANG_WARN_DEPRECATED_OBJC_IMPLEMENTATIONS = YES;
				CLANG_WARN_DIRECT_OBJC_ISA_USAGE = YES_ERROR;
				CLANG_WARN_DOCUMENTATION_COMMENTS = YES;
				CLANG_WARN_EMPTY_BODY = YES;
				CLANG_WARN_ENUM_CONVERSION = YES;
				CLANG_WARN_INFINITE_RECURSION = YES;
				CLANG_WARN_INT_CONVERSION = YES;
				CLANG_WARN_NON_LITERAL_NULL_CONVERSION = YES;
				CLANG_WARN_OBJC_IMPLICIT_RETAIN_SELF = YES;
				CLANG_WARN_OBJC_LITERAL_CONVERSION = YES;
				CLANG_WARN_OBJC_ROOT_CLASS = YES_ERROR;
				CLANG_WARN_QUOTED_INCLUDE_IN_FRAMEWORK_HEADER = YES;
				CLANG_WARN_RANGE_LOOP_ANALYSIS = YES;
				CLANG_WARN_STRICT_PROTOTYPES = YES;
				CLANG_WARN_SUSPICIOUS_MOVE = YES;
				CLANG_WARN_UNGUARDED_AVAILABILITY = YES_AGGRESSIVE;
				CLANG_WARN_UNREACHABLE_CODE = YES;
				CLANG_WARN__DUPLICATE_METHOD_MATCH = YES;
				COPY_PHASE_STRIP = NO;
				DEBUG_INFORMATION_FORMAT = "dwarf-with-dsym";
				ENABLE_NS_ASSERTIONS = NO;
				ENABLE_STRICT_OBJC_MSGSEND = YES;
				GCC_C_LANGUAGE_STANDARD = gnu11;
				GCC_NO_COMMON_BLOCKS = YES;
				GCC_WARN_64_TO_32_BIT_CONVERSION = YES;
				GCC_WARN_ABOUT_RETURN_TYPE = YES_ERROR;
				GCC_WARN_UNDECLARED_SELECTOR = YES;
				GCC_WARN_UNINITIALIZED_AUTOS = YES_AGGRESSIVE;
				GCC_WARN_UNUSED_FUNCTION = YES;
				GCC_WARN_UNUSED_VARIABLE = YES;
				IPHONEOS_DEPLOYMENT_TARGET = 15.5;
				MTL_ENABLE_DEBUG_INFO = NO;
				MTL_FAST_MATH = YES;
				SDKROOT = iphoneos;
				SWIFT_COMPILATION_MODE = wholemodule;
				SWIFT_OPTIMIZATION_LEVEL = "-O";
				VALIDATE_PRODUCT = YES;
			};
			name = Release;
		};
		5FF2ED4A28E6D551005D62FD /* Debug */ = {
			isa = XCBuildConfiguration;
			buildSettings = {
				ASSETCATALOG_COMPILER_APPICON_NAME = AppIcon;
				ASSETCATALOG_COMPILER_GLOBAL_ACCENT_COLOR_NAME = AccentColor;
				CODE_SIGN_STYLE = Automatic;
				CURRENT_PROJECT_VERSION = 1;
				DEVELOPMENT_ASSET_PATHS = "\"MemoryGame/Preview Content\"";
				DEVELOPMENT_TEAM = 97979SR3M8;
				ENABLE_PREVIEWS = YES;
				GENERATE_INFOPLIST_FILE = YES;
				INFOPLIST_FILE = MemoryGame/Info.plist;
				INFOPLIST_KEY_CFBundleDisplayName = Fruits;
				INFOPLIST_KEY_LSApplicationCategoryType = "public.app-category.board-games";
				INFOPLIST_KEY_UIApplicationSceneManifest_Generation = YES;
				INFOPLIST_KEY_UIApplicationSupportsIndirectInputEvents = YES;
				INFOPLIST_KEY_UILaunchScreen_Generation = YES;
				INFOPLIST_KEY_UISupportedInterfaceOrientations = UIInterfaceOrientationPortrait;
				LD_RUNPATH_SEARCH_PATHS = (
					"$(inherited)",
					"@executable_path/Frameworks",
				);
				MARKETING_VERSION = 1.0;
				PRODUCT_BUNDLE_IDENTIFIER = com.pauribot.StarWarsMemoryGame;
				PRODUCT_NAME = "$(TARGET_NAME)";
				SUPPORTED_PLATFORMS = "iphoneos iphonesimulator";
				SUPPORTS_MACCATALYST = NO;
				SUPPORTS_MAC_DESIGNED_FOR_IPHONE_IPAD = NO;
				SWIFT_EMIT_LOC_STRINGS = YES;
				SWIFT_VERSION = 5.0;
				TARGETED_DEVICE_FAMILY = 1;
			};
			name = Debug;
		};
		5FF2ED4B28E6D551005D62FD /* Release */ = {
			isa = XCBuildConfiguration;
			buildSettings = {
				ASSETCATALOG_COMPILER_APPICON_NAME = AppIcon;
				ASSETCATALOG_COMPILER_GLOBAL_ACCENT_COLOR_NAME = AccentColor;
				CODE_SIGN_STYLE = Automatic;
				CURRENT_PROJECT_VERSION = 1;
				DEVELOPMENT_ASSET_PATHS = "\"MemoryGame/Preview Content\"";
				DEVELOPMENT_TEAM = 97979SR3M8;
				ENABLE_PREVIEWS = YES;
				GENERATE_INFOPLIST_FILE = YES;
				INFOPLIST_FILE = MemoryGame/Info.plist;
				INFOPLIST_KEY_CFBundleDisplayName = Fruits;
				INFOPLIST_KEY_LSApplicationCategoryType = "public.app-category.board-games";
				INFOPLIST_KEY_UIApplicationSceneManifest_Generation = YES;
				INFOPLIST_KEY_UIApplicationSupportsIndirectInputEvents = YES;
				INFOPLIST_KEY_UILaunchScreen_Generation = YES;
				INFOPLIST_KEY_UISupportedInterfaceOrientations = UIInterfaceOrientationPortrait;
				LD_RUNPATH_SEARCH_PATHS = (
					"$(inherited)",
					"@executable_path/Frameworks",
				);
				MARKETING_VERSION = 1.0;
				PRODUCT_BUNDLE_IDENTIFIER = com.pauribot.StarWarsMemoryGame;
				PRODUCT_NAME = "$(TARGET_NAME)";
				SUPPORTED_PLATFORMS = "iphoneos iphonesimulator";
				SUPPORTS_MACCATALYST = NO;
				SUPPORTS_MAC_DESIGNED_FOR_IPHONE_IPAD = NO;
				SWIFT_EMIT_LOC_STRINGS = YES;
				SWIFT_VERSION = 5.0;
				TARGETED_DEVICE_FAMILY = 1;
			};
			name = Release;
		};
/* End XCBuildConfiguration section */

/* Begin XCConfigurationList section */
		5FF2ED3628E6D54F005D62FD /* Build configuration list for PBXProject "MemoryGame" */ = {
			isa = XCConfigurationList;
			buildConfigurations = (
				5FF2ED4728E6D551005D62FD /* Debug */,
				5FF2ED4828E6D551005D62FD /* Release */,
			);
			defaultConfigurationIsVisible = 0;
			defaultConfigurationName = Release;
		};
		5FF2ED4928E6D551005D62FD /* Build configuration list for PBXNativeTarget "MemoryGame" */ = {
			isa = XCConfigurationList;
			buildConfigurations = (
				5FF2ED4A28E6D551005D62FD /* Debug */,
				5FF2ED4B28E6D551005D62FD /* Release */,
			);
			defaultConfigurationIsVisible = 0;
			defaultConfigurationName = Release;
		};
/* End XCConfigurationList section */
	};
	rootObject = 5FF2ED3328E6D54F005D62FD /* Project object */;
}
